
Microsoft Visual Studio Solution File, Format Version 12.00
# Visual Studio 15
VisualStudioVersion = 15.0.27428.2037
MinimumVisualStudioVersion = 10.0.40219.1
Project("{FAE04EC0-301F-11D3-BF4B-00C04F79EFBC}") = "MinDigits", "MinDigits\MinDigits.csproj", "{B3C0F152-CDE7-4DD4-B865-82303ECB6180}"
EndProject
Global
	GlobalSection(SolutionConfigurationPlatforms) = preSolution
		Debug|Any CPU = Debug|Any CPU
		Release|Any CPU = Release|Any CPU
	EndGlobalSection
	GlobalSection(ProjectConfigurationPlatforms) = postSolution
		{B3C0F152-CDE7-4DD4-B865-82303ECB6180}.Debug|Any CPU.ActiveCfg = Debug|Any CPU
		{B3C0F152-CDE7-4DD4-B865-82303ECB6180}.Debug|Any CPU.Build.0 = Debug|Any CPU
		{B3C0F152-CDE7-4DD4-B865-82303ECB6180}.Release|Any CPU.ActiveCfg = Release|Any CPU
		{B3C0F152-CDE7-4DD4-B865-82303ECB6180}.Release|Any CPU.Build.0 = Release|Any CPU
	EndGlobalSection
	GlobalSection(SolutionProperties) = preSolution
		HideSolutionNode = FALSE
	EndGlobalSection
	GlobalSection(ExtensibilityGlobals) = postSolution
		SolutionGuid = {877EDBB9-1B91-48AD-9EF8-B573C29359B9}
	EndGlobalSection
EndGlobal
